// !$*UTF8*$!
{
	archiveVersion = 1;
	classes = {
	};
	objectVersion = 48;
	objects = {

/* Begin PBXBuildFile section */
		812E7E951FD72805005AD55F /* AppDelegate.swift in Sources */ = {isa = PBXBuildFile; fileRef = 812E7E941FD72805005AD55F /* AppDelegate.swift */; };
		812E7E971FD72805005AD55F /* ImageListViewController.swift in Sources */ = {isa = PBXBuildFile; fileRef = 812E7E961FD72805005AD55F /* ImageListViewController.swift */; };
		812E7E9A1FD72805005AD55F /* Main.storyboard in Resources */ = {isa = PBXBuildFile; fileRef = 812E7E981FD72805005AD55F /* Main.storyboard */; };
		812E7E9C1FD72805005AD55F /* Assets.xcassets in Resources */ = {isa = PBXBuildFile; fileRef = 812E7E9B1FD72805005AD55F /* Assets.xcassets */; };
		812E7E9F1FD72805005AD55F /* LaunchScreen.storyboard in Resources */ = {isa = PBXBuildFile; fileRef = 812E7E9D1FD72805005AD55F /* LaunchScreen.storyboard */; };
		812E7EA91FD72CD0005AD55F /* Image.swift in Sources */ = {isa = PBXBuildFile; fileRef = 812E7EA81FD72CD0005AD55F /* Image.swift */; };
		812E7EAB1FD72CDB005AD55F /* ImageAPIClient.swift in Sources */ = {isa = PBXBuildFile; fileRef = 812E7EAA1FD72CDB005AD55F /* ImageAPIClient.swift */; };
		812E7EAD1FD72CE3005AD55F /* NetworkHelper.swift in Sources */ = {isa = PBXBuildFile; fileRef = 812E7EAC1FD72CE3005AD55F /* NetworkHelper.swift */; };
		812E7EAF1FD72CF0005AD55F /* AppError.swift in Sources */ = {isa = PBXBuildFile; fileRef = 812E7EAE1FD72CF0005AD55F /* AppError.swift */; };
/* End PBXBuildFile section */

/* Begin PBXFileReference section */
		812E7E911FD72805005AD55F /* POST-Request-Exercises.app */ = {isa = PBXFileReference; explicitFileType = wrapper.application; includeInIndex = 0; path = "POST-Request-Exercises.app"; sourceTree = BUILT_PRODUCTS_DIR; };
		812E7E941FD72805005AD55F /* AppDelegate.swift */ = {isa = PBXFileReference; lastKnownFileType = sourcecode.swift; path = AppDelegate.swift; sourceTree = "<group>"; };
		812E7E961FD72805005AD55F /* ImageListViewController.swift */ = {isa = PBXFileReference; lastKnownFileType = sourcecode.swift; path = ImageListViewController.swift; sourceTree = "<group>"; };
		812E7E991FD72805005AD55F /* Base */ = {isa = PBXFileReference; lastKnownFileType = file.storyboard; name = Base; path = Base.lproj/Main.storyboard; sourceTree = "<group>"; };
		812E7E9B1FD72805005AD55F /* Assets.xcassets */ = {isa = PBXFileReference; lastKnownFileType = folder.assetcatalog; path = Assets.xcassets; sourceTree = "<group>"; };
		812E7E9E1FD72805005AD55F /* Base */ = {isa = PBXFileReference; lastKnownFileType = file.storyboard; name = Base; path = Base.lproj/LaunchScreen.storyboard; sourceTree = "<group>"; };
		812E7EA01FD72805005AD55F /* Info.plist */ = {isa = PBXFileReference; lastKnownFileType = text.plist.xml; path = Info.plist; sourceTree = "<group>"; };
		812E7EA81FD72CD0005AD55F /* Image.swift */ = {isa = PBXFileReference; lastKnownFileType = sourcecode.swift; path = Image.swift; sourceTree = "<group>"; };
		812E7EAA1FD72CDB005AD55F /* ImageAPIClient.swift */ = {isa = PBXFileReference; lastKnownFileType = sourcecode.swift; path = ImageAPIClient.swift; sourceTree = "<group>"; };
		812E7EAC1FD72CE3005AD55F /* NetworkHelper.swift */ = {isa = PBXFileReference; lastKnownFileType = sourcecode.swift; path = NetworkHelper.swift; sourceTree = "<group>"; };
		812E7EAE1FD72CF0005AD55F /* AppError.swift */ = {isa = PBXFileReference; lastKnownFileType = sourcecode.swift; path = AppError.swift; sourceTree = "<group>"; };
/* End PBXFileReference section */

/* Begin PBXFrameworksBuildPhase section */
		812E7E8E1FD72805005AD55F /* Frameworks */ = {
			isa = PBXFrameworksBuildPhase;
			buildActionMask = 2147483647;
			files = (
			);
			runOnlyForDeploymentPostprocessing = 0;
		};
/* End PBXFrameworksBuildPhase section */

/* Begin PBXGroup section */
		812E7E881FD72805005AD55F = {
			isa = PBXGroup;
			children = (
				812E7E931FD72805005AD55F /* POST-Request-Exercises */,
				812E7E921FD72805005AD55F /* Products */,
			);
			sourceTree = "<group>";
		};
		812E7E921FD72805005AD55F /* Products */ = {
			isa = PBXGroup;
			children = (
				812E7E911FD72805005AD55F /* POST-Request-Exercises.app */,
			);
			name = Products;
			sourceTree = "<group>";
		};
		812E7E931FD72805005AD55F /* POST-Request-Exercises */ = {
			isa = PBXGroup;
			children = (
				812E7EB01FD72CFC005AD55F /* Unused Stuff */,
				812E7E981FD72805005AD55F /* Main.storyboard */,
				812E7EAE1FD72CF0005AD55F /* AppError.swift */,
				812E7EAC1FD72CE3005AD55F /* NetworkHelper.swift */,
				812E7EA71FD729D4005AD55F /* Image View */,
				812E7EA01FD72805005AD55F /* Info.plist */,
			);
			path = "POST-Request-Exercises";
			sourceTree = "<group>";
		};
		812E7EA61FD729CB005AD55F /* View Controllers */ = {
			isa = PBXGroup;
			children = (
				812E7E961FD72805005AD55F /* ImageListViewController.swift */,
			);
			path = "View Controllers";
			sourceTree = "<group>";
		};
		812E7EA71FD729D4005AD55F /* Image View */ = {
			isa = PBXGroup;
			children = (
				812E7EB11FD72D17005AD55F /* Models */,
				812E7EA61FD729CB005AD55F /* View Controllers */,
			);
			path = "Image View";
			sourceTree = "<group>";
		};
		812E7EB01FD72CFC005AD55F /* Unused Stuff */ = {
			isa = PBXGroup;
			children = (
				812E7E941FD72805005AD55F /* AppDelegate.swift */,
				812E7E9B1FD72805005AD55F /* Assets.xcassets */,
				812E7E9D1FD72805005AD55F /* LaunchScreen.storyboard */,
			);
			path = "Unused Stuff";
			sourceTree = "<group>";
		};
		812E7EB11FD72D17005AD55F /* Models */ = {
			isa = PBXGroup;
			children = (
				812E7EA81FD72CD0005AD55F /* Image.swift */,
				812E7EAA1FD72CDB005AD55F /* ImageAPIClient.swift */,
			);
			path = Models;
			sourceTree = "<group>";
		};
/* End PBXGroup section */

/* Begin PBXNativeTarget section */
		812E7E901FD72805005AD55F /* POST-Request-Exercises */ = {
			isa = PBXNativeTarget;
			buildConfigurationList = 812E7EA31FD72805005AD55F /* Build configuration list for PBXNativeTarget "POST-Request-Exercises" */;
			buildPhases = (
				812E7E8D1FD72805005AD55F /* Sources */,
				812E7E8E1FD72805005AD55F /* Frameworks */,
				812E7E8F1FD72805005AD55F /* Resources */,
			);
			buildRules = (
			);
			dependencies = (
			);
			name = "POST-Request-Exercises";
			productName = "POST-Request-Exercises";
			productReference = 812E7E911FD72805005AD55F /* POST-Request-Exercises.app */;
			productType = "com.apple.product-type.application";
		};
/* End PBXNativeTarget section */

/* Begin PBXProject section */
		812E7E891FD72805005AD55F /* Project object */ = {
			isa = PBXProject;
			attributes = {
				LastSwiftUpdateCheck = 0900;
				LastUpgradeCheck = 0900;
				ORGANIZATIONNAME = "Melissa He @ C4Q";
				TargetAttributes = {
					812E7E901FD72805005AD55F = {
						CreatedOnToolsVersion = 9.0;
						ProvisioningStyle = Automatic;
					};
				};
			};
			buildConfigurationList = 812E7E8C1FD72805005AD55F /* Build configuration list for PBXProject "POST-Request-Exercises" */;
			compatibilityVersion = "Xcode 8.0";
			developmentRegion = en;
			hasScannedForEncodings = 0;
			knownRegions = (
				en,
				Base,
			);
			mainGroup = 812E7E881FD72805005AD55F;
			productRefGroup = 812E7E921FD72805005AD55F /* Products */;
			projectDirPath = "";
			projectRoot = "";
			targets = (
				812E7E901FD72805005AD55F /* POST-Request-Exercises */,
			);
		};
/* End PBXProject section */

/* Begin PBXResourcesBuildPhase section */
		812E7E8F1FD72805005AD55F /* Resources */ = {
			isa = PBXResourcesBuildPhase;
			buildActionMask = 2147483647;
			files = (
				812E7E9F1FD72805005AD55F /* LaunchScreen.storyboard in Resources */,
				812E7E9C1FD72805005AD55F /* Assets.xcassets in Resources */,
				812E7E9A1FD72805005AD55F /* Main.storyboard in Resources */,
			);
			runOnlyForDeploymentPostprocessing = 0;
		};
/* End PBXResourcesBuildPhase section */

/* Begin PBXSourcesBuildPhase section */
		812E7E8D1FD72805005AD55F /* Sources */ = {
			isa = PBXSourcesBuildPhase;
			buildActionMask = 2147483647;
			files = (
				812E7E971FD72805005AD55F /* ImageListViewController.swift in Sources */,
				812E7EA91FD72CD0005AD55F /* Image.swift in Sources */,
				812E7EAF1FD72CF0005AD55F /* AppError.swift in Sources */,
				812E7EAD1FD72CE3005AD55F /* NetworkHelper.swift in Sources */,
				812E7E951FD72805005AD55F /* AppDelegate.swift in Sources */,
				812E7EAB1FD72CDB005AD55F /* ImageAPIClient.swift in Sources */,
			);
			runOnlyForDeploymentPostprocessing = 0;
		};
/* End PBXSourcesBuildPhase section */

/* Begin PBXVariantGroup section */
		812E7E981FD72805005AD55F /* Main.storyboard */ = {
			isa = PBXVariantGroup;
			children = (
				812E7E991FD72805005AD55F /* Base */,
			);
			name = Main.storyboard;
			sourceTree = "<group>";
		};
		812E7E9D1FD72805005AD55F /* LaunchScreen.storyboard */ = {
			isa = PBXVariantGroup;
			children = (
				812E7E9E1FD72805005AD55F /* Base */,
			);
			name = LaunchScreen.storyboard;
			sourceTree = "<group>";
		};
/* End PBXVariantGroup section */

/* Begin XCBuildConfiguration section */
		812E7EA11FD72805005AD55F /* Debug */ = {
			isa = XCBuildConfiguration;
			buildSettings = {
				ALWAYS_SEARCH_USER_PATHS = NO;
				CLANG_ANALYZER_NONNULL = YES;
				CLANG_ANALYZER_NUMBER_OBJECT_CONVERSION = YES_AGGRESSIVE;
				CLANG_CXX_LANGUAGE_STANDARD = "gnu++14";
				CLANG_CXX_LIBRARY = "libc++";
				CLANG_ENABLE_MODULES = YES;
				CLANG_ENABLE_OBJC_ARC = YES;
				CLANG_WARN_BLOCK_CAPTURE_AUTORELEASING = YES;
				CLANG_WARN_BOOL_CONVERSION = YES;
				CLANG_WARN_COMMA = YES;
				CLANG_WARN_CONSTANT_CONVERSION = YES;
				CLANG_WARN_DIRECT_OBJC_ISA_USAGE = YES_ERROR;
				CLANG_WARN_DOCUMENTATION_COMMENTS = YES;
				CLANG_WARN_EMPTY_BODY = YES;
				CLANG_WARN_ENUM_CONVERSION = YES;
				CLANG_WARN_INFINITE_RECURSION = YES;
				CLANG_WARN_INT_CONVERSION = YES;
				CLANG_WARN_NON_LITERAL_NULL_CONVERSION = YES;
				CLANG_WARN_OBJC_LITERAL_CONVERSION = YES;
				CLANG_WARN_OBJC_ROOT_CLASS = YES_ERROR;
				CLANG_WARN_RANGE_LOOP_ANALYSIS = YES;
				CLANG_WARN_STRICT_PROTOTYPES = YES;
				CLANG_WARN_SUSPICIOUS_MOVE = YES;
				CLANG_WARN_UNGUARDED_AVAILABILITY = YES_AGGRESSIVE;
				CLANG_WARN_UNREACHABLE_CODE = YES;
				CLANG_WARN__DUPLICATE_METHOD_MATCH = YES;
				CODE_SIGN_IDENTITY = "iPhone Developer";
				COPY_PHASE_STRIP = NO;
				DEBUG_INFORMATION_FORMAT = dwarf;
				ENABLE_STRICT_OBJC_MSGSEND = YES;
				ENABLE_TESTABILITY = YES;
				GCC_C_LANGUAGE_STANDARD = gnu11;
				GCC_DYNAMIC_NO_PIC = NO;
				GCC_NO_COMMON_BLOCKS = YES;
				GCC_OPTIMIZATION_LEVEL = 0;
				GCC_PREPROCESSOR_DEFINITIONS = (
					"DEBUG=1",
					"$(inherited)",
				);
				GCC_WARN_64_TO_32_BIT_CONVERSION = YES;
				GCC_WARN_ABOUT_RETURN_TYPE = YES_ERROR;
				GCC_WARN_UNDECLARED_SELECTOR = YES;
				GCC_WARN_UNINITIALIZED_AUTOS = YES_AGGRESSIVE;
				GCC_WARN_UNUSED_FUNCTION = YES;
				GCC_WARN_UNUSED_VARIABLE = YES;
				IPHONEOS_DEPLOYMENT_TARGET = 11.0;
				MTL_ENABLE_DEBUG_INFO = YES;
				ONLY_ACTIVE_ARCH = YES;
				SDKROOT = iphoneos;
				SWIFT_ACTIVE_COMPILATION_CONDITIONS = DEBUG;
				SWIFT_OPTIMIZATION_LEVEL = "-Onone";
			};
			name = Debug;
		};
		812E7EA21FD72805005AD55F /* Release */ = {
			isa = XCBuildConfiguration;
			buildSettings = {
				ALWAYS_SEARCH_USER_PATHS = NO;
				CLANG_ANALYZER_NONNULL = YES;
				CLANG_ANALYZER_NUMBER_OBJECT_CONVERSION = YES_AGGRESSIVE;
				CLANG_CXX_LANGUAGE_STANDARD = "gnu++14";
				CLANG_CXX_LIBRARY = "libc++";
				CLANG_ENABLE_MODULES = YES;
				CLANG_ENABLE_OBJC_ARC = YES;
				CLANG_WARN_BLOCK_CAPTURE_AUTORELEASING = YES;
				CLANG_WARN_BOOL_CONVERSION = YES;
				CLANG_WARN_COMMA = YES;
				CLANG_WARN_CONSTANT_CONVERSION = YES;
				CLANG_WARN_DIRECT_OBJC_ISA_USAGE = YES_ERROR;
				CLANG_WARN_DOCUMENTATION_COMMENTS = YES;
				CLANG_WARN_EMPTY_BODY = YES;
				CLANG_WARN_ENUM_CONVERSION = YES;
				CLANG_WARN_INFINITE_RECURSION = YES;
				CLANG_WARN_INT_CONVERSION = YES;
				CLANG_WARN_NON_LITERAL_NULL_CONVERSION = YES;
				CLANG_WARN_OBJC_LITERAL_CONVERSION = YES;
				CLANG_WARN_OBJC_ROOT_CLASS = YES_ERROR;
				CLANG_WARN_RANGE_LOOP_ANALYSIS = YES;
				CLANG_WARN_STRICT_PROTOTYPES = YES;
				CLANG_WARN_SUSPICIOUS_MOVE = YES;
				CLANG_WARN_UNGUARDED_AVAILABILITY = YES_AGGRESSIVE;
				CLANG_WARN_UNREACHABLE_CODE = YES;
				CLANG_WARN__DUPLICATE_METHOD_MATCH = YES;
				CODE_SIGN_IDENTITY = "iPhone Developer";
				COPY_PHASE_STRIP = NO;
				DEBUG_INFORMATION_FORMAT = "dwarf-with-dsym";
				ENABLE_NS_ASSERTIONS = NO;
				ENABLE_STRICT_OBJC_MSGSEND = YES;
				GCC_C_LANGUAGE_STANDARD = gnu11;
				GCC_NO_COMMON_BLOCKS = YES;
				GCC_WARN_64_TO_32_BIT_CONVERSION = YES;
				GCC_WARN_ABOUT_RETURN_TYPE = YES_ERROR;
				GCC_WARN_UNDECLARED_SELECTOR = YES;
				GCC_WARN_UNINITIALIZED_AUTOS = YES_AGGRESSIVE;
				GCC_WARN_UNUSED_FUNCTION = YES;
				GCC_WARN_UNUSED_VARIABLE = YES;
				IPHONEOS_DEPLOYMENT_TARGET = 11.0;
				MTL_ENABLE_DEBUG_INFO = NO;
				SDKROOT = iphoneos;
				SWIFT_OPTIMIZATION_LEVEL = "-Owholemodule";
				VALIDATE_PRODUCT = YES;
			};
			name = Release;
		};
		812E7EA41FD72805005AD55F /* Debug */ = {
			isa = XCBuildConfiguration;
			buildSettings = {
				ASSETCATALOG_COMPILER_APPICON_NAME = AppIcon;
				CODE_SIGN_STYLE = Automatic;
				DEVELOPMENT_TEAM = "";
				INFOPLIST_FILE = "$(SRCROOT)/POST-Request-Exercises-Image-VIewer/Info.plist";
				LD_RUNPATH_SEARCH_PATHS = "$(inherited) @executable_path/Frameworks";
				PRODUCT_BUNDLE_IDENTIFIER = "Melissa-He.POST-Request-Exercises-Image-Viewer";
				PRODUCT_NAME = "$(TARGET_NAME)";
				SWIFT_VERSION = 4.0;
				TARGETED_DEVICE_FAMILY = "1,2";
			};
			name = Debug;
		};
		812E7EA51FD72805005AD55F /* Release */ = {
			isa = XCBuildConfiguration;
			buildSettings = {
				ASSETCATALOG_COMPILER_APPICON_NAME = AppIcon;
				CODE_SIGN_STYLE = Automatic;
				DEVELOPMENT_TEAM = "";
				INFOPLIST_FILE = "$(SRCROOT)/POST-Request-Exercises-Image-VIewer/Info.plist";
				LD_RUNPATH_SEARCH_PATHS = "$(inherited) @executable_path/Frameworks";
				PRODUCT_BUNDLE_IDENTIFIER = "Melissa-He.POST-Request-Exercises-Image-Viewer";
				PRODUCT_NAME = "$(TARGET_NAME)";
				SWIFT_VERSION = 4.0;
				TARGETED_DEVICE_FAMILY = "1,2";
			};
			name = Release;
		};
/* End XCBuildConfiguration section */

/* Begin XCConfigurationList section */
		812E7E8C1FD72805005AD55F /* Build configuration list for PBXProject "POST-Request-Exercises" */ = {
			isa = XCConfigurationList;
			buildConfigurations = (
				812E7EA11FD72805005AD55F /* Debug */,
				812E7EA21FD72805005AD55F /* Release */,
			);
			defaultConfigurationIsVisible = 0;
			defaultConfigurationName = Release;
		};
		812E7EA31FD72805005AD55F /* Build configuration list for PBXNativeTarget "POST-Request-Exercises" */ = {
			isa = XCConfigurationList;
			buildConfigurations = (
				812E7EA41FD72805005AD55F /* Debug */,
				812E7EA51FD72805005AD55F /* Release */,
			);
			defaultConfigurationIsVisible = 0;
			defaultConfigurationName = Release;
		};
/* End XCConfigurationList section */
	};
	rootObject = 812E7E891FD72805005AD55F /* Project object */;
}
